// !$*UTF8*$!
{
	archiveVersion = 1;
	classes = {
	};
	objectVersion = 46;
	objects = {

/* Begin PBXBuildFile section */
		EF2AE2671D3CD93800691B51 /* AppDelegate.swift in Sources */ = {isa = PBXBuildFile; fileRef = EF2AE2661D3CD93800691B51 /* AppDelegate.swift */; };
		EF2AE26E1D3CD93800691B51 /* Assets.xcassets in Resources */ = {isa = PBXBuildFile; fileRef = EF2AE26D1D3CD93800691B51 /* Assets.xcassets */; };
		EF2AE2711D3CD93800691B51 /* LaunchScreen.storyboard in Resources */ = {isa = PBXBuildFile; fileRef = EF2AE26F1D3CD93800691B51 /* LaunchScreen.storyboard */; };
		EF2AE27D1D3CD98600691B51 /* CustomTransitioningAnimator.swift in Sources */ = {isa = PBXBuildFile; fileRef = EF2AE2781D3CD98600691B51 /* CustomTransitioningAnimator.swift */; };
		EF2AE27E1D3CD98600691B51 /* CustomTransitioningDelegate.swift in Sources */ = {isa = PBXBuildFile; fileRef = EF2AE2791D3CD98600691B51 /* CustomTransitioningDelegate.swift */; };
		EF2AE27F1D3CD98600691B51 /* GoodsDetailViewController.swift in Sources */ = {isa = PBXBuildFile; fileRef = EF2AE27A1D3CD98600691B51 /* GoodsDetailViewController.swift */; };
		EF2AE2801D3CD98600691B51 /* GoodsViewController.swift in Sources */ = {isa = PBXBuildFile; fileRef = EF2AE27B1D3CD98600691B51 /* GoodsViewController.swift */; };
		EF2AE2811D3CD98600691B51 /* Shop.storyboard in Resources */ = {isa = PBXBuildFile; fileRef = EF2AE27C1D3CD98600691B51 /* Shop.storyboard */; };
/* End PBXBuildFile section */

/* Begin PBXFileReference section */
		EF2AE2631D3CD93800691B51 /* HCustomTransition.app */ = {isa = PBXFileReference; explicitFileType = wrapper.application; includeInIndex = 0; path = HCustomTransition.app; sourceTree = BUILT_PRODUCTS_DIR; };
		EF2AE2661D3CD93800691B51 /* AppDelegate.swift */ = {isa = PBXFileReference; lastKnownFileType = sourcecode.swift; path = AppDelegate.swift; sourceTree = "<group>"; };
		EF2AE26D1D3CD93800691B51 /* Assets.xcassets */ = {isa = PBXFileReference; lastKnownFileType = folder.assetcatalog; path = Assets.xcassets; sourceTree = "<group>"; };
		EF2AE2701D3CD93800691B51 /* Base */ = {isa = PBXFileReference; lastKnownFileType = file.storyboard; name = Base; path = Base.lproj/LaunchScreen.storyboard; sourceTree = "<group>"; };
		EF2AE2721D3CD93800691B51 /* Info.plist */ = {isa = PBXFileReference; lastKnownFileType = text.plist.xml; path = Info.plist; sourceTree = "<group>"; };
		EF2AE2781D3CD98600691B51 /* CustomTransitioningAnimator.swift */ = {isa = PBXFileReference; fileEncoding = 4; lastKnownFileType = sourcecode.swift; path = CustomTransitioningAnimator.swift; sourceTree = "<group>"; };
		EF2AE2791D3CD98600691B51 /* CustomTransitioningDelegate.swift */ = {isa = PBXFileReference; fileEncoding = 4; lastKnownFileType = sourcecode.swift; path = CustomTransitioningDelegate.swift; sourceTree = "<group>"; };
		EF2AE27A1D3CD98600691B51 /* GoodsDetailViewController.swift */ = {isa = PBXFileReference; fileEncoding = 4; lastKnownFileType = sourcecode.swift; path = GoodsDetailViewController.swift; sourceTree = "<group>"; };
		EF2AE27B1D3CD98600691B51 /* GoodsViewController.swift */ = {isa = PBXFileReference; fileEncoding = 4; lastKnownFileType = sourcecode.swift; path = GoodsViewController.swift; sourceTree = "<group>"; };
		EF2AE27C1D3CD98600691B51 /* Shop.storyboard */ = {isa = PBXFileReference; fileEncoding = 4; lastKnownFileType = file.storyboard; path = Shop.storyboard; sourceTree = "<group>"; };
/* End PBXFileReference section */

/* Begin PBXFrameworksBuildPhase section */
		EF2AE2601D3CD93800691B51 /* Frameworks */ = {
			isa = PBXFrameworksBuildPhase;
			buildActionMask = 2147483647;
			files = (
			);
			runOnlyForDeploymentPostprocessing = 0;
		};
/* End PBXFrameworksBuildPhase section */

/* Begin PBXGroup section */
		EF2AE25A1D3CD93800691B51 = {
			isa = PBXGroup;
			children = (
				EF2AE2651D3CD93800691B51 /* HCustomTransition */,
				EF2AE2641D3CD93800691B51 /* Products */,
			);
			sourceTree = "<group>";
		};
		EF2AE2641D3CD93800691B51 /* Products */ = {
			isa = PBXGroup;
			children = (
				EF2AE2631D3CD93800691B51 /* HCustomTransition.app */,
			);
			name = Products;
			sourceTree = "<group>";
		};
		EF2AE2651D3CD93800691B51 /* HCustomTransition */ = {
			isa = PBXGroup;
			children = (
				EF2AE2661D3CD93800691B51 /* AppDelegate.swift */,
				EF2AE2781D3CD98600691B51 /* CustomTransitioningAnimator.swift */,
				EF2AE2791D3CD98600691B51 /* CustomTransitioningDelegate.swift */,
				EF2AE27A1D3CD98600691B51 /* GoodsDetailViewController.swift */,
				EF2AE27B1D3CD98600691B51 /* GoodsViewController.swift */,
				EF2AE27C1D3CD98600691B51 /* Shop.storyboard */,
				EF2AE26D1D3CD93800691B51 /* Assets.xcassets */,
				EF2AE26F1D3CD93800691B51 /* LaunchScreen.storyboard */,
				EF2AE2721D3CD93800691B51 /* Info.plist */,
			);
			path = HCustomTransition;
			sourceTree = "<group>";
		};
/* End PBXGroup section */

/* Begin PBXNativeTarget section */
		EF2AE2621D3CD93800691B51 /* HCustomTransition */ = {
			isa = PBXNativeTarget;
			buildConfigurationList = EF2AE2751D3CD93800691B51 /* Build configuration list for PBXNativeTarget "HCustomTransition" */;
			buildPhases = (
				EF2AE25F1D3CD93800691B51 /* Sources */,
				EF2AE2601D3CD93800691B51 /* Frameworks */,
				EF2AE2611D3CD93800691B51 /* Resources */,
			);
			buildRules = (
			);
			dependencies = (
			);
			name = HCustomTransition;
			productName = HCustomTransition;
			productReference = EF2AE2631D3CD93800691B51 /* HCustomTransition.app */;
			productType = "com.apple.product-type.application";
		};
/* End PBXNativeTarget section */

/* Begin PBXProject section */
		EF2AE25B1D3CD93800691B51 /* Project object */ = {
			isa = PBXProject;
			attributes = {
				LastSwiftUpdateCheck = 0730;
				LastUpgradeCheck = 0730;
				ORGANIZATIONNAME = Hale;
				TargetAttributes = {
					EF2AE2621D3CD93800691B51 = {
						CreatedOnToolsVersion = 7.3.1;
					};
				};
			};
			buildConfigurationList = EF2AE25E1D3CD93800691B51 /* Build configuration list for PBXProject "HCustomTransition" */;
			compatibilityVersion = "Xcode 3.2";
			developmentRegion = English;
			hasScannedForEncodings = 0;
			knownRegions = (
				en,
				Base,
			);
			mainGroup = EF2AE25A1D3CD93800691B51;
			productRefGroup = EF2AE2641D3CD93800691B51 /* Products */;
			projectDirPath = "";
			projectRoot = "";
			targets = (
				EF2AE2621D3CD93800691B51 /* HCustomTransition */,
			);
		};
/* End PBXProject section */

/* Begin PBXResourcesBuildPhase section */
		EF2AE2611D3CD93800691B51 /* Resources */ = {
			isa = PBXResourcesBuildPhase;
			buildActionMask = 2147483647;
			files = (
				EF2AE2811D3CD98600691B51 /* Shop.storyboard in Resources */,
				EF2AE2711D3CD93800691B51 /* LaunchScreen.storyboard in Resources */,
				EF2AE26E1D3CD93800691B51 /* Assets.xcassets in Resources */,
			);
			runOnlyForDeploymentPostprocessing = 0;
		};
/* End PBXResourcesBuildPhase section */

/* Begin PBXSourcesBuildPhase section */
		EF2AE25F1D3CD93800691B51 /* Sources */ = {
			isa = PBXSourcesBuildPhase;
			buildActionMask = 2147483647;
			files = (
				EF2AE27F1D3CD98600691B51 /* GoodsDetailViewController.swift in Sources */,
				EF2AE2671D3CD93800691B51 /* AppDelegate.swift in Sources */,
				EF2AE27D1D3CD98600691B51 /* CustomTransitioningAnimator.swift in Sources */,
				EF2AE2801D3CD98600691B51 /* GoodsViewController.swift in Sources */,
				EF2AE27E1D3CD98600691B51 /* CustomTransitioningDelegate.swift in Sources */,
			);
			runOnlyForDeploymentPostprocessing = 0;
		};
/* End PBXSourcesBuildPhase section */

/* Begin PBXVariantGroup section */
		EF2AE26F1D3CD93800691B51 /* LaunchScreen.storyboard */ = {
			isa = PBXVariantGroup;
			children = (
				EF2AE2701D3CD93800691B51 /* Base */,
			);
			name = LaunchScreen.storyboard;
			sourceTree = "<group>";
		};
/* End PBXVariantGroup section */

/* Begin XCBuildConfiguration section */
		EF2AE2731D3CD93800691B51 /* Debug */ = {
			isa = XCBuildConfiguration;
			buildSettings = {
				ALWAYS_SEARCH_USER_PATHS = NO;
				CLANG_ANALYZER_NONNULL = YES;
				CLANG_CXX_LANGUAGE_STANDARD = "gnu++0x";
				CLANG_CXX_LIBRARY = "libc++";
				CLANG_ENABLE_MODULES = YES;
				CLANG_ENABLE_OBJC_ARC = YES;
				CLANG_WARN_BOOL_CONVERSION = YES;
				CLANG_WARN_CONSTANT_CONVERSION = YES;
				CLANG_WARN_DIRECT_OBJC_ISA_USAGE = YES_ERROR;
				CLANG_WARN_EMPTY_BODY = YES;
				CLANG_WARN_ENUM_CONVERSION = YES;
				CLANG_WARN_INT_CONVERSION = YES;
				CLANG_WARN_OBJC_ROOT_CLASS = YES_ERROR;
				CLANG_WARN_UNREACHABLE_CODE = YES;
				CLANG_WARN__DUPLICATE_METHOD_MATCH = YES;
				"CODE_SIGN_IDENTITY[sdk=iphoneos*]" = "iPhone Developer";
				COPY_PHASE_STRIP = NO;
				DEBUG_INFORMATION_FORMAT = dwarf;
				ENABLE_STRICT_OBJC_MSGSEND = YES;
				ENABLE_TESTABILITY = YES;
				GCC_C_LANGUAGE_STANDARD = gnu99;
				GCC_DYNAMIC_NO_PIC = NO;
				GCC_NO_COMMON_BLOCKS = YES;
				GCC_OPTIMIZATION_LEVEL = 0;
				GCC_PREPROCESSOR_DEFINITIONS = (
					"DEBUG=1",
					"$(inherited)",
				);
				GCC_WARN_64_TO_32_BIT_CONVERSION = YES;
				GCC_WARN_ABOUT_RETURN_TYPE = YES_ERROR;
				GCC_WARN_UNDECLARED_SELECTOR = YES;
				GCC_WARN_UNINITIALIZED_AUTOS = YES_AGGRESSIVE;
				GCC_WARN_UNUSED_FUNCTION = YES;
				GCC_WARN_UNUSED_VARIABLE = YES;
				IPHONEOS_DEPLOYMENT_TARGET = 9.3;
				MTL_ENABLE_DEBUG_INFO = YES;
				ONLY_ACTIVE_ARCH = YES;
				SDKROOT = iphoneos;
				SWIFT_OPTIMIZATION_LEVEL = "-Onone";
				TARGETED_DEVICE_FAMILY = "1,2";
			};
			name = Debug;
		};
		EF2AE2741D3CD93800691B51 /* Release */ = {
			isa = XCBuildConfiguration;
			buildSettings = {
				ALWAYS_SEARCH_USER_PATHS = NO;
				CLANG_ANALYZER_NONNULL = YES;
				CLANG_CXX_LANGUAGE_STANDARD = "gnu++0x";
				CLANG_CXX_LIBRARY = "libc++";
				CLANG_ENABLE_MODULES = YES;
				CLANG_ENABLE_OBJC_ARC = YES;
				CLANG_WARN_BOOL_CONVERSION = YES;
				CLANG_WARN_CONSTANT_CONVERSION = YES;
				CLANG_WARN_DIRECT_OBJC_ISA_USAGE = YES_ERROR;
				CLANG_WARN_EMPTY_BODY = YES;
				CLANG_WARN_ENUM_CONVERSION = YES;
				CLANG_WARN_INT_CONVERSION = YES;
				CLANG_WARN_OBJC_ROOT_CLASS = YES_ERROR;
				CLANG_WARN_UNREACHABLE_CODE = YES;
				CLANG_WARN__DUPLICATE_METHOD_MATCH = YES;
				"CODE_SIGN_IDENTITY[sdk=iphoneos*]" = "iPhone Developer";
				COPY_PHASE_STRIP = NO;
				DEBUG_INFORMATION_FORMAT = "dwarf-with-dsym";
				ENABLE_NS_ASSERTIONS = NO;
				ENABLE_STRICT_OBJC_MSGSEND = YES;
				GCC_C_LANGUAGE_STANDARD = gnu99;
				GCC_NO_COMMON_BLOCKS = YES;
				GCC_WARN_64_TO_32_BIT_CONVERSION = YES;
				GCC_WARN_ABOUT_RETURN_TYPE = YES_ERROR;
				GCC_WARN_UNDECLARED_SELECTOR = YES;
				GCC_WARN_UNINITIALIZED_AUTOS = YES_AGGRESSIVE;
				GCC_WARN_UNUSED_FUNCTION = YES;
				GCC_WARN_UNUSED_VARIABLE = YES;
				IPHONEOS_DEPLOYMENT_TARGET = 9.3;
				MTL_ENABLE_DEBUG_INFO = NO;
				SDKROOT = iphoneos;
				TARGETED_DEVICE_FAMILY = "1,2";
				VALIDATE_PRODUCT = YES;
			};
			name = Release;
		};
		EF2AE2761D3CD93800691B51 /* Debug */ = {
			isa = XCBuildConfiguration;
			buildSettings = {
				ASSETCATALOG_COMPILER_APPICON_NAME = AppIcon;
				INFOPLIST_FILE = HCustomTransition/Info.plist;
				LD_RUNPATH_SEARCH_PATHS = "$(inherited) @executable_path/Frameworks";
				PRODUCT_BUNDLE_IDENTIFIER = com.design.HCustomTransition;
				PRODUCT_NAME = "$(TARGET_NAME)";
			};
			name = Debug;
		};
		EF2AE2771D3CD93800691B51 /* Release */ = {
			isa = XCBuildConfiguration;
			buildSettings = {
				ASSETCATALOG_COMPILER_APPICON_NAME = AppIcon;
				INFOPLIST_FILE = HCustomTransition/Info.plist;
				LD_RUNPATH_SEARCH_PATHS = "$(inherited) @executable_path/Frameworks";
				PRODUCT_BUNDLE_IDENTIFIER = com.design.HCustomTransition;
				PRODUCT_NAME = "$(TARGET_NAME)";
			};
			name = Release;
		};
/* End XCBuildConfiguration section */

/* Begin XCConfigurationList section */
		EF2AE25E1D3CD93800691B51 /* Build configuration list for PBXProject "HCustomTransition" */ = {
			isa = XCConfigurationList;
			buildConfigurations = (
				EF2AE2731D3CD93800691B51 /* Debug */,
				EF2AE2741D3CD93800691B51 /* Release */,
			);
			defaultConfigurationIsVisible = 0;
			defaultConfigurationName = Release;
		};
		EF2AE2751D3CD93800691B51 /* Build configuration list for PBXNativeTarget "HCustomTransition" */ = {
			isa = XCConfigurationList;
			buildConfigurations = (
				EF2AE2761D3CD93800691B51 /* Debug */,
				EF2AE2771D3CD93800691B51 /* Release */,
			);
			defaultConfigurationIsVisible = 0;
			defaultConfigurationName = Release;
		};
/* End XCConfigurationList section */
	};
	rootObject = EF2AE25B1D3CD93800691B51 /* Project object */;
}
